// !$*UTF8*$!
{
	archiveVersion = 1;
	classes = {
	};
	objectVersion = 77;
	objects = {

/* Begin PBXContainerItemProxy section */
		514CF3C42F42D886003C3C20 /* PBXContainerItemProxy */ = {
			isa = PBXContainerItemProxy;
			containerPortal = 514CF3AC2F42D884003C3C20 /* Project object */;
			proxyType = 1;
			remoteGlobalIDString = 514CF3B32F42D884003C3C20;
			remoteInfo = RoastMeStudyBuddy;
		};
		514CF3CE2F42D886003C3C20 /* PBXContainerItemProxy */ = {
			isa = PBXContainerItemProxy;
			containerPortal = 514CF3AC2F42D884003C3C20 /* Project object */;
			proxyType = 1;
			remoteGlobalIDString = 514CF3B32F42D884003C3C20;
			remoteInfo = RoastMeStudyBuddy;
		};
/* End PBXContainerItemProxy section */

/* Begin PBXFileReference section */
		514CF3B42F42D884003C3C20 /* RoastMeStudyBuddy.app */ = {isa = PBXFileReference; explicitFileType = wrapper.application; includeInIndex = 0; path = RoastMeStudyBuddy.app; sourceTree = BUILT_PRODUCTS_DIR; };
		514CF3C32F42D886003C3C20 /* RoastMeStudyBuddyTests.xctest */ = {isa = PBXFileReference; explicitFileType = wrapper.cfbundle; includeInIndex = 0; path = RoastMeStudyBuddyTests.xctest; sourceTree = BUILT_PRODUCTS_DIR; };
		514CF3CD2F42D886003C3C20 /* RoastMeStudyBuddyUITests.xctest */ = {isa = PBXFileReference; explicitFileType = wrapper.cfbundle; includeInIndex = 0; path = RoastMeStudyBuddyUITests.xctest; sourceTree = BUILT_PRODUCTS_DIR; };
/* End PBXFileReference section */

/* Begin PBXFileSystemSynchronizedBuildFileExceptionSet section */
		514CF46D2F42D980003C3C20 /* Exceptions for "RoastMeStudyBuddy" folder in "RoastMeStudyBuddyTests" target */ = {
			isa = PBXFileSystemSynchronizedBuildFileExceptionSet;
			membershipExceptions = (
				RoastMeStudyBuddy/App/RoastMeStudyBuddyApp.swift,
				RoastMeStudyBuddy/BUILD_CHECKLIST.md,
				RoastMeStudyBuddy/Models/FocusEvent.swift,
				RoastMeStudyBuddy/Models/PersonalityMode.swift,
				RoastMeStudyBuddy/Models/RoastMessage.swift,
				RoastMeStudyBuddy/Models/SessionStatistics.swift,
				RoastMeStudyBuddy/Models/StudySession.swift,
				RoastMeStudyBuddy/Models/UserPreferences.swift,
				RoastMeStudyBuddy/PROJECT_SUMMARY.md,
				RoastMeStudyBuddy/QUICKSTART.md,
				RoastMeStudyBuddy/README.md,
				RoastMeStudyBuddy/Services/FocusDetectionService.swift,
				RoastMeStudyBuddy/Services/PersistenceService.swift,
				RoastMeStudyBuddy/Services/RoastGenerationService.swift,
				RoastMeStudyBuddy/Services/SessionManager.swift,
				RoastMeStudyBuddy/Utilities/Constants.swift,
				"RoastMeStudyBuddy/Utilities/Extensions/Color+Theme.swift",
				"RoastMeStudyBuddy/Utilities/Extensions/Date+Extensions.swift",
				RoastMeStudyBuddy/Views/ActiveSession/ActiveSessionView.swift,
				RoastMeStudyBuddy/Views/ActiveSession/FocusMeterView.swift,
				RoastMeStudyBuddy/Views/ActiveSession/RoastFeedView.swift,
				RoastMeStudyBuddy/Views/ActiveSession/SessionControlsView.swift,
				RoastMeStudyBuddy/Views/History/HistoryView.swift,
				RoastMeStudyBuddy/Views/Home/HomeView.swift,
				RoastMeStudyBuddy/Views/Home/QuickStatsView.swift,
				RoastMeStudyBuddy/Views/Home/StreakBadgeView.swift,
				RoastMeStudyBuddy/Views/SessionComplete/SessionCompleteView.swift,
				RoastMeStudyBuddy/Views/SessionSetup/SessionSetupView.swift,
				RoastMeStudyBuddy/Views/Settings/SettingsView.swift,
			);
			target = 514CF3C22F42D886003C3C20 /* RoastMeStudyBuddyTests */;
		};
		514CF46E2F42D980003C3C20 /* Exceptions for "RoastMeStudyBuddy" folder in "RoastMeStudyBuddyUITests" target */ = {
			isa = PBXFileSystemSynchronizedBuildFileExceptionSet;
			membershipExceptions = (
				RoastMeStudyBuddy/App/RoastMeStudyBuddyApp.swift,
				RoastMeStudyBuddy/BUILD_CHECKLIST.md,
				RoastMeStudyBuddy/Models/FocusEvent.swift,
				RoastMeStudyBuddy/Models/PersonalityMode.swift,
				RoastMeStudyBuddy/Models/RoastMessage.swift,
				RoastMeStudyBuddy/Models/SessionStatistics.swift,
				RoastMeStudyBuddy/Models/StudySession.swift,
				RoastMeStudyBuddy/Models/UserPreferences.swift,
				RoastMeStudyBuddy/PROJECT_SUMMARY.md,
				RoastMeStudyBuddy/QUICKSTART.md,
				RoastMeStudyBuddy/README.md,
				RoastMeStudyBuddy/Services/FocusDetectionService.swift,
				RoastMeStudyBuddy/Services/PersistenceService.swift,
				RoastMeStudyBuddy/Services/RoastGenerationService.swift,
				RoastMeStudyBuddy/Services/SessionManager.swift,
				RoastMeStudyBuddy/Utilities/Constants.swift,
				"RoastMeStudyBuddy/Utilities/Extensions/Color+Theme.swift",
				"RoastMeStudyBuddy/Utilities/Extensions/Date+Extensions.swift",
				RoastMeStudyBuddy/Views/ActiveSession/ActiveSessionView.swift,
				RoastMeStudyBuddy/Views/ActiveSession/FocusMeterView.swift,
				RoastMeStudyBuddy/Views/ActiveSession/RoastFeedView.swift,
				RoastMeStudyBuddy/Views/ActiveSession/SessionControlsView.swift,
				RoastMeStudyBuddy/Views/History/HistoryView.swift,
				RoastMeStudyBuddy/Views/Home/HomeView.swift,
				RoastMeStudyBuddy/Views/Home/QuickStatsView.swift,
				RoastMeStudyBuddy/Views/Home/StreakBadgeView.swift,
				RoastMeStudyBuddy/Views/SessionComplete/SessionCompleteView.swift,
				RoastMeStudyBuddy/Views/SessionSetup/SessionSetupView.swift,
				RoastMeStudyBuddy/Views/Settings/SettingsView.swift,
			);
			target = 514CF3CC2F42D886003C3C20 /* RoastMeStudyBuddyUITests */;
		};
/* End PBXFileSystemSynchronizedBuildFileExceptionSet section */

/* Begin PBXFileSystemSynchronizedRootGroup section */
		514CF3B62F42D884003C3C20 /* RoastMeStudyBuddy */ = {
			isa = PBXFileSystemSynchronizedRootGroup;
			exceptions = (
				514CF46D2F42D980003C3C20 /* Exceptions for "RoastMeStudyBuddy" folder in "RoastMeStudyBuddyTests" target */,
				514CF46E2F42D980003C3C20 /* Exceptions for "RoastMeStudyBuddy" folder in "RoastMeStudyBuddyUITests" target */,
			);
			path = RoastMeStudyBuddy;
			sourceTree = "<group>";
		};
		514CF3C62F42D886003C3C20 /* RoastMeStudyBuddyTests */ = {
			isa = PBXFileSystemSynchronizedRootGroup;
			path = RoastMeStudyBuddyTests;
			sourceTree = "<group>";
		};
		514CF3D02F42D886003C3C20 /* RoastMeStudyBuddyUITests */ = {
			isa = PBXFileSystemSynchronizedRootGroup;
			path = RoastMeStudyBuddyUITests;
			sourceTree = "<group>";
		};
/* End PBXFileSystemSynchronizedRootGroup section */

/* Begin PBXFrameworksBuildPhase section */
		514CF3B12F42D884003C3C20 /* Frameworks */ = {
			isa = PBXFrameworksBuildPhase;
			buildActionMask = 2147483647;
			files = (
			);
			runOnlyForDeploymentPostprocessing = 0;
		};
		514CF3C02F42D886003C3C20 /* Frameworks */ = {
			isa = PBXFrameworksBuildPhase;
			buildActionMask = 2147483647;
			files = (
			);
			runOnlyForDeploymentPostprocessing = 0;
		};
		514CF3CA2F42D886003C3C20 /* Frameworks */ = {
			isa = PBXFrameworksBuildPhase;
			buildActionMask = 2147483647;
			files = (
			);
			runOnlyForDeploymentPostprocessing = 0;
		};
/* End PBXFrameworksBuildPhase section */

/* Begin PBXGroup section */
		514CF3AB2F42D884003C3C20 = {
			isa = PBXGroup;
			children = (
				514CF3B62F42D884003C3C20 /* RoastMeStudyBuddy */,
				514CF3C62F42D886003C3C20 /* RoastMeStudyBuddyTests */,
				514CF3D02F42D886003C3C20 /* RoastMeStudyBuddyUITests */,
				514CF3B52F42D884003C3C20 /* Products */,
			);
			sourceTree = "<group>";
		};
		514CF3B52F42D884003C3C20 /* Products */ = {
			isa = PBXGroup;
			children = (
				514CF3B42F42D884003C3C20 /* RoastMeStudyBuddy.app */,
				514CF3C32F42D886003C3C20 /* RoastMeStudyBuddyTests.xctest */,
				514CF3CD2F42D886003C3C20 /* RoastMeStudyBuddyUITests.xctest */,
			);
			name = Products;
			sourceTree = "<group>";
		};
/* End PBXGroup section */

/* Begin PBXNativeTarget section */
		514CF3B32F42D884003C3C20 /* RoastMeStudyBuddy */ = {
			isa = PBXNativeTarget;
			buildConfigurationList = 514CF3D72F42D886003C3C20 /* Build configuration list for PBXNativeTarget "RoastMeStudyBuddy" */;
			buildPhases = (
				514CF3B02F42D884003C3C20 /* Sources */,
				514CF3B12F42D884003C3C20 /* Frameworks */,
				514CF3B22F42D884003C3C20 /* Resources */,
			);
			buildRules = (
			);
			dependencies = (
			);
			fileSystemSynchronizedGroups = (
				514CF3B62F42D884003C3C20 /* RoastMeStudyBuddy */,
			);
			name = RoastMeStudyBuddy;
			packageProductDependencies = (
			);
			productName = RoastMeStudyBuddy;
			productReference = 514CF3B42F42D884003C3C20 /* RoastMeStudyBuddy.app */;
			productType = "com.apple.product-type.application";
		};
		514CF3C22F42D886003C3C20 /* RoastMeStudyBuddyTests */ = {
			isa = PBXNativeTarget;
			buildConfigurationList = 514CF3DA2F42D886003C3C20 /* Build configuration list for PBXNativeTarget "RoastMeStudyBuddyTests" */;
			buildPhases = (
				514CF3BF2F42D886003C3C20 /* Sources */,
				514CF3C02F42D886003C3C20 /* Frameworks */,
				514CF3C12F42D886003C3C20 /* Resources */,
			);
			buildRules = (
			);
			dependencies = (
				514CF3C52F42D886003C3C20 /* PBXTargetDependency */,
			);
			fileSystemSynchronizedGroups = (
				514CF3C62F42D886003C3C20 /* RoastMeStudyBuddyTests */,
			);
			name = RoastMeStudyBuddyTests;
			packageProductDependencies = (
			);
			productName = RoastMeStudyBuddyTests;
			productReference = 514CF3C32F42D886003C3C20 /* RoastMeStudyBuddyTests.xctest */;
			productType = "com.apple.product-type.bundle.unit-test";
		};
		514CF3CC2F42D886003C3C20 /* RoastMeStudyBuddyUITests */ = {
			isa = PBXNativeTarget;
			buildConfigurationList = 514CF3DD2F42D886003C3C20 /* Build configuration list for PBXNativeTarget "RoastMeStudyBuddyUITests" */;
			buildPhases = (
				514CF3C92F42D886003C3C20 /* Sources */,
				514CF3CA2F42D886003C3C20 /* Frameworks */,
				514CF3CB2F42D886003C3C20 /* Resources */,
			);
			buildRules = (
			);
			dependencies = (
				514CF3CF2F42D886003C3C20 /* PBXTargetDependency */,
			);
			fileSystemSynchronizedGroups = (
				514CF3D02F42D886003C3C20 /* RoastMeStudyBuddyUITests */,
			);
			name = RoastMeStudyBuddyUITests;
			packageProductDependencies = (
			);
			productName = RoastMeStudyBuddyUITests;
			productReference = 514CF3CD2F42D886003C3C20 /* RoastMeStudyBuddyUITests.xctest */;
			productType = "com.apple.product-type.bundle.ui-testing";
		};
/* End PBXNativeTarget section */

/* Begin PBXProject section */
		514CF3AC2F42D884003C3C20 /* Project object */ = {
			isa = PBXProject;
			attributes = {
				BuildIndependentTargetsInParallel = 1;
				LastSwiftUpdateCheck = 2620;
				LastUpgradeCheck = 2620;
				TargetAttributes = {
					514CF3B32F42D884003C3C20 = {
						CreatedOnToolsVersion = 26.2;
					};
					514CF3C22F42D886003C3C20 = {
						CreatedOnToolsVersion = 26.2;
						TestTargetID = 514CF3B32F42D884003C3C20;
					};
					514CF3CC2F42D886003C3C20 = {
						CreatedOnToolsVersion = 26.2;
						TestTargetID = 514CF3B32F42D884003C3C20;
					};
				};
			};
			buildConfigurationList = 514CF3AF2F42D884003C3C20 /* Build configuration list for PBXProject "RoastMeStudyBuddy" */;
			developmentRegion = en;
			hasScannedForEncodings = 0;
			knownRegions = (
				en,
				Base,
			);
			mainGroup = 514CF3AB2F42D884003C3C20;
			minimizedProjectReferenceProxies = 1;
			preferredProjectObjectVersion = 77;
			productRefGroup = 514CF3B52F42D884003C3C20 /* Products */;
			projectDirPath = "";
			projectRoot = "";
			targets = (
				514CF3B32F42D884003C3C20 /* RoastMeStudyBuddy */,
				514CF3C22F42D886003C3C20 /* RoastMeStudyBuddyTests */,
				514CF3CC2F42D886003C3C20 /* RoastMeStudyBuddyUITests */,
			);
		};
/* End PBXProject section */

/* Begin PBXResourcesBuildPhase section */
		514CF3B22F42D884003C3C20 /* Resources */ = {
			isa = PBXResourcesBuildPhase;
			buildActionMask = 2147483647;
			files = (
			);
			runOnlyForDeploymentPostprocessing = 0;
		};
		514CF3C12F42D886003C3C20 /* Resources */ = {
			isa = PBXResourcesBuildPhase;
			buildActionMask = 2147483647;
			files = (
			);
			runOnlyForDeploymentPostprocessing = 0;
		};
		514CF3CB2F42D886003C3C20 /* Resources */ = {
			isa = PBXResourcesBuildPhase;
			buildActionMask = 2147483647;
			files = (
			);
			runOnlyForDeploymentPostprocessing = 0;
		};
/* End PBXResourcesBuildPhase section */

/* Begin PBXSourcesBuildPhase section */
		514CF3B02F42D884003C3C20 /* Sources */ = {
			isa = PBXSourcesBuildPhase;
			buildActionMask = 2147483647;
			files = (
			);
			runOnlyForDeploymentPostprocessing = 0;
		};
		514CF3BF2F42D886003C3C20 /* Sources */ = {
			isa = PBXSourcesBuildPhase;
			buildActionMask = 2147483647;
			files = (
			);
			runOnlyForDeploymentPostprocessing = 0;
		};
		514CF3C92F42D886003C3C20 /* Sources */ = {
			isa = PBXSourcesBuildPhase;
			buildActionMask = 2147483647;
			files = (
			);
			runOnlyForDeploymentPostprocessing = 0;
		};
/* End PBXSourcesBuildPhase section */

/* Begin PBXTargetDependency section */
		514CF3C52F42D886003C3C20 /* PBXTargetDependency */ = {
			isa = PBXTargetDependency;
			target = 514CF3B32F42D884003C3C20 /* RoastMeStudyBuddy */;
			targetProxy = 514CF3C42F42D886003C3C20 /* PBXContainerItemProxy */;
		};
		514CF3CF2F42D886003C3C20 /* PBXTargetDependency */ = {
			isa = PBXTargetDependency;
			target = 514CF3B32F42D884003C3C20 /* RoastMeStudyBuddy */;
			targetProxy = 514CF3CE2F42D886003C3C20 /* PBXContainerItemProxy */;
		};
/* End PBXTargetDependency section */

/* Begin XCBuildConfiguration section */
		514CF3D52F42D886003C3C20 /* Debug */ = {
			isa = XCBuildConfiguration;
			buildSettings = {
				ALWAYS_SEARCH_USER_PATHS = NO;
				ASSETCATALOG_COMPILER_GENERATE_SWIFT_ASSET_SYMBOL_EXTENSIONS = YES;
				CLANG_ANALYZER_NONNULL = YES;
				CLANG_ANALYZER_NUMBER_OBJECT_CONVERSION = YES_AGGRESSIVE;
				CLANG_CXX_LANGUAGE_STANDARD = "gnu++20";
				CLANG_ENABLE_MODULES = YES;
				CLANG_ENABLE_OBJC_ARC = YES;
				CLANG_ENABLE_OBJC_WEAK = YES;
				CLANG_WARN_BLOCK_CAPTURE_AUTORELEASING = YES;
				CLANG_WARN_BOOL_CONVERSION = YES;
				CLANG_WARN_COMMA = YES;
				CLANG_WARN_CONSTANT_CONVERSION = YES;
				CLANG_WARN_DEPRECATED_OBJC_IMPLEMENTATIONS = YES;
				CLANG_WARN_DIRECT_OBJC_ISA_USAGE = YES_ERROR;
				CLANG_WARN_DOCUMENTATION_COMMENTS = YES;
				CLANG_WARN_EMPTY_BODY = YES;
				CLANG_WARN_ENUM_CONVERSION = YES;
				CLANG_WARN_INFINITE_RECURSION = YES;
				CLANG_WARN_INT_CONVERSION = YES;
				CLANG_WARN_NON_LITERAL_NULL_CONVERSION = YES;
				CLANG_WARN_OBJC_IMPLICIT_RETAIN_SELF = YES;
				CLANG_WARN_OBJC_LITERAL_CONVERSION = YES;
				CLANG_WARN_OBJC_ROOT_CLASS = YES_ERROR;
				CLANG_WARN_QUOTED_INCLUDE_IN_FRAMEWORK_HEADER = YES;
				CLANG_WARN_RANGE_LOOP_ANALYSIS = YES;
				CLANG_WARN_STRICT_PROTOTYPES = YES;
				CLANG_WARN_SUSPICIOUS_MOVE = YES;
				CLANG_WARN_UNGUARDED_AVAILABILITY = YES_AGGRESSIVE;
				CLANG_WARN_UNREACHABLE_CODE = YES;
				CLANG_WARN__DUPLICATE_METHOD_MATCH = YES;
				COPY_PHASE_STRIP = NO;
				DEBUG_INFORMATION_FORMAT = dwarf;
				ENABLE_STRICT_OBJC_MSGSEND = YES;
				ENABLE_TESTABILITY = YES;
				ENABLE_USER_SCRIPT_SANDBOXING = YES;
				GCC_C_LANGUAGE_STANDARD = gnu17;
				GCC_DYNAMIC_NO_PIC = NO;
				GCC_NO_COMMON_BLOCKS = YES;
				GCC_OPTIMIZATION_LEVEL = 0;
				GCC_PREPROCESSOR_DEFINITIONS = (
					"DEBUG=1",
					"$(inherited)",
				);
				GCC_WARN_64_TO_32_BIT_CONVERSION = YES;
				GCC_WARN_ABOUT_RETURN_TYPE = YES_ERROR;
				GCC_WARN_UNDECLARED_SELECTOR = YES;
				GCC_WARN_UNINITIALIZED_AUTOS = YES_AGGRESSIVE;
				GCC_WARN_UNUSED_FUNCTION = YES;
				GCC_WARN_UNUSED_VARIABLE = YES;
				IPHONEOS_DEPLOYMENT_TARGET = 26.2;
				LOCALIZATION_PREFERS_STRING_CATALOGS = YES;
				MTL_ENABLE_DEBUG_INFO = INCLUDE_SOURCE;
				MTL_FAST_MATH = YES;
				ONLY_ACTIVE_ARCH = YES;
				SDKROOT = iphoneos;
				SWIFT_ACTIVE_COMPILATION_CONDITIONS = "DEBUG $(inherited)";
				SWIFT_OPTIMIZATION_LEVEL = "-Onone";
			};
			name = Debug;
		};
		514CF3D62F42D886003C3C20 /* Release */ = {
			isa = XCBuildConfiguration;
			buildSettings = {
				ALWAYS_SEARCH_USER_PATHS = NO;
				ASSETCATALOG_COMPILER_GENERATE_SWIFT_ASSET_SYMBOL_EXTENSIONS = YES;
				CLANG_ANALYZER_NONNULL = YES;
				CLANG_ANALYZER_NUMBER_OBJECT_CONVERSION = YES_AGGRESSIVE;
				CLANG_CXX_LANGUAGE_STANDARD = "gnu++20";
				CLANG_ENABLE_MODULES = YES;
				CLANG_ENABLE_OBJC_ARC = YES;
				CLANG_ENABLE_OBJC_WEAK = YES;
				CLANG_WARN_BLOCK_CAPTURE_AUTORELEASING = YES;
				CLANG_WARN_BOOL_CONVERSION = YES;
				CLANG_WARN_COMMA = YES;
				CLANG_WARN_CONSTANT_CONVERSION = YES;
				CLANG_WARN_DEPRECATED_OBJC_IMPLEMENTATIONS = YES;
				CLANG_WARN_DIRECT_OBJC_ISA_USAGE = YES_ERROR;
				CLANG_WARN_DOCUMENTATION_COMMENTS = YES;
				CLANG_WARN_EMPTY_BODY = YES;
				CLANG_WARN_ENUM_CONVERSION = YES;
				CLANG_WARN_INFINITE_RECURSION = YES;
				CLANG_WARN_INT_CONVERSION = YES;
				CLANG_WARN_NON_LITERAL_NULL_CONVERSION = YES;
				CLANG_WARN_OBJC_IMPLICIT_RETAIN_SELF = YES;
				CLANG_WARN_OBJC_LITERAL_CONVERSION = YES;
				CLANG_WARN_OBJC_ROOT_CLASS = YES_ERROR;
				CLANG_WARN_QUOTED_INCLUDE_IN_FRAMEWORK_HEADER = YES;
				CLANG_WARN_RANGE_LOOP_ANALYSIS = YES;
				CLANG_WARN_STRICT_PROTOTYPES = YES;
				CLANG_WARN_SUSPICIOUS_MOVE = YES;
				CLANG_WARN_UNGUARDED_AVAILABILITY = YES_AGGRESSIVE;
				CLANG_WARN_UNREACHABLE_CODE = YES;
				CLANG_WARN__DUPLICATE_METHOD_MATCH = YES;
				COPY_PHASE_STRIP = NO;
				DEBUG_INFORMATION_FORMAT = "dwarf-with-dsym";
				ENABLE_NS_ASSERTIONS = NO;
				ENABLE_STRICT_OBJC_MSGSEND = YES;
				ENABLE_USER_SCRIPT_SANDBOXING = YES;
				GCC_C_LANGUAGE_STANDARD = gnu17;
				GCC_NO_COMMON_BLOCKS = YES;
				GCC_WARN_64_TO_32_BIT_CONVERSION = YES;
				GCC_WARN_ABOUT_RETURN_TYPE = YES_ERROR;
				GCC_WARN_UNDECLARED_SELECTOR = YES;
				GCC_WARN_UNINITIALIZED_AUTOS = YES_AGGRESSIVE;
				GCC_WARN_UNUSED_FUNCTION = YES;
				GCC_WARN_UNUSED_VARIABLE = YES;
				IPHONEOS_DEPLOYMENT_TARGET = 26.2;
				LOCALIZATION_PREFERS_STRING_CATALOGS = YES;
				MTL_ENABLE_DEBUG_INFO = NO;
				MTL_FAST_MATH = YES;
				SDKROOT = iphoneos;
				SWIFT_COMPILATION_MODE = wholemodule;
				VALIDATE_PRODUCT = YES;
			};
			name = Release;
		};
		514CF3D82F42D886003C3C20 /* Debug */ = {
			isa = XCBuildConfiguration;
			buildSettings = {
				ASSETCATALOG_COMPILER_APPICON_NAME = AppIcon;
				ASSETCATALOG_COMPILER_GLOBAL_ACCENT_COLOR_NAME = AccentColor;
				CODE_SIGN_STYLE = Automatic;
				CURRENT_PROJECT_VERSION = 1;
				ENABLE_PREVIEWS = YES;
				GENERATE_INFOPLIST_FILE = YES;
				INFOPLIST_KEY_UIApplicationSceneManifest_Generation = YES;
				INFOPLIST_KEY_UIApplicationSupportsIndirectInputEvents = YES;
				INFOPLIST_KEY_UILaunchScreen_Generation = YES;
				INFOPLIST_KEY_UISupportedInterfaceOrientations_iPad = "UIInterfaceOrientationPortrait UIInterfaceOrientationPortraitUpsideDown UIInterfaceOrientationLandscapeLeft UIInterfaceOrientationLandscapeRight";
				INFOPLIST_KEY_UISupportedInterfaceOrientations_iPhone = "UIInterfaceOrientationPortrait UIInterfaceOrientationLandscapeLeft UIInterfaceOrientationLandscapeRight";
				LD_RUNPATH_SEARCH_PATHS = (
					"$(inherited)",
					"@executable_path/Frameworks",
				);
				MARKETING_VERSION = 1.0;
				PRODUCT_BUNDLE_IDENTIFIER = RoastMeStudyBuddy.RoastMeStudyBuddy;
				PRODUCT_NAME = "$(TARGET_NAME)";
				STRING_CATALOG_GENERATE_SYMBOLS = YES;
				SWIFT_APPROACHABLE_CONCURRENCY = YES;
				SWIFT_DEFAULT_ACTOR_ISOLATION = MainActor;
				SWIFT_EMIT_LOC_STRINGS = YES;
				SWIFT_UPCOMING_FEATURE_MEMBER_IMPORT_VISIBILITY = YES;
				SWIFT_VERSION = 5.0;
				TARGETED_DEVICE_FAMILY = "1,2";
			};
			name = Debug;
		};
		514CF3D92F42D886003C3C20 /* Release */ = {
			isa = XCBuildConfiguration;
			buildSettings = {
				ASSETCATALOG_COMPILER_APPICON_NAME = AppIcon;
				ASSETCATALOG_COMPILER_GLOBAL_ACCENT_COLOR_NAME = AccentColor;
				CODE_SIGN_STYLE = Automatic;
				CURRENT_PROJECT_VERSION = 1;
				ENABLE_PREVIEWS = YES;
				GENERATE_INFOPLIST_FILE = YES;
				INFOPLIST_KEY_UIApplicationSceneManifest_Generation = YES;
				INFOPLIST_KEY_UIApplicationSupportsIndirectInputEvents = YES;
				INFOPLIST_KEY_UILaunchScreen_Generation = YES;
				INFOPLIST_KEY_UISupportedInterfaceOrientations_iPad = "UIInterfaceOrientationPortrait UIInterfaceOrientationPortraitUpsideDown UIInterfaceOrientationLandscapeLeft UIInterfaceOrientationLandscapeRight";
				INFOPLIST_KEY_UISupportedInterfaceOrientations_iPhone = "UIInterfaceOrientationPortrait UIInterfaceOrientationLandscapeLeft UIInterfaceOrientationLandscapeRight";
				LD_RUNPATH_SEARCH_PATHS = (
					"$(inherited)",
					"@executable_path/Frameworks",
				);
				MARKETING_VERSION = 1.0;
				PRODUCT_BUNDLE_IDENTIFIER = RoastMeStudyBuddy.RoastMeStudyBuddy;
				PRODUCT_NAME = "$(TARGET_NAME)";
				STRING_CATALOG_GENERATE_SYMBOLS = YES;
				SWIFT_APPROACHABLE_CONCURRENCY = YES;
				SWIFT_DEFAULT_ACTOR_ISOLATION = MainActor;
				SWIFT_EMIT_LOC_STRINGS = YES;
				SWIFT_UPCOMING_FEATURE_MEMBER_IMPORT_VISIBILITY = YES;
				SWIFT_VERSION = 5.0;
				TARGETED_DEVICE_FAMILY = "1,2";
			};
			name = Release;
		};
		514CF3DB2F42D886003C3C20 /* Debug */ = {
			isa = XCBuildConfiguration;
			buildSettings = {
				BUNDLE_LOADER = "$(TEST_HOST)";
				CODE_SIGN_STYLE = Automatic;
				CURRENT_PROJECT_VERSION = 1;
				GENERATE_INFOPLIST_FILE = YES;
				IPHONEOS_DEPLOYMENT_TARGET = 26.2;
				MARKETING_VERSION = 1.0;
				PRODUCT_BUNDLE_IDENTIFIER = RoastMeStudyBuddy.RoastMeStudyBuddyTests;
				PRODUCT_NAME = "$(TARGET_NAME)";
				STRING_CATALOG_GENERATE_SYMBOLS = NO;
				SWIFT_APPROACHABLE_CONCURRENCY = YES;
				SWIFT_EMIT_LOC_STRINGS = NO;
				SWIFT_UPCOMING_FEATURE_MEMBER_IMPORT_VISIBILITY = YES;
				SWIFT_VERSION = 5.0;
				TARGETED_DEVICE_FAMILY = "1,2";
				TEST_HOST = "$(BUILT_PRODUCTS_DIR)/RoastMeStudyBuddy.app/$(BUNDLE_EXECUTABLE_FOLDER_PATH)/RoastMeStudyBuddy";
			};
			name = Debug;
		};
		514CF3DC2F42D886003C3C20 /* Release */ = {
			isa = XCBuildConfiguration;
			buildSettings = {
				BUNDLE_LOADER = "$(TEST_HOST)";
				CODE_SIGN_STYLE = Automatic;
				CURRENT_PROJECT_VERSION = 1;
				GENERATE_INFOPLIST_FILE = YES;
				IPHONEOS_DEPLOYMENT_TARGET = 26.2;
				MARKETING_VERSION = 1.0;
				PRODUCT_BUNDLE_IDENTIFIER = RoastMeStudyBuddy.RoastMeStudyBuddyTests;
				PRODUCT_NAME = "$(TARGET_NAME)";
				STRING_CATALOG_GENERATE_SYMBOLS = NO;
				SWIFT_APPROACHABLE_CONCURRENCY = YES;
				SWIFT_EMIT_LOC_STRINGS = NO;
				SWIFT_UPCOMING_FEATURE_MEMBER_IMPORT_VISIBILITY = YES;
				SWIFT_VERSION = 5.0;
				TARGETED_DEVICE_FAMILY = "1,2";
				TEST_HOST = "$(BUILT_PRODUCTS_DIR)/RoastMeStudyBuddy.app/$(BUNDLE_EXECUTABLE_FOLDER_PATH)/RoastMeStudyBuddy";
			};
			name = Release;
		};
		514CF3DE2F42D886003C3C20 /* Debug */ = {
			isa = XCBuildConfiguration;
			buildSettings = {
				CODE_SIGN_STYLE = Automatic;
				CURRENT_PROJECT_VERSION = 1;
				GENERATE_INFOPLIST_FILE = YES;
				MARKETING_VERSION = 1.0;
				PRODUCT_BUNDLE_IDENTIFIER = RoastMeStudyBuddy.RoastMeStudyBuddyUITests;
				PRODUCT_NAME = "$(TARGET_NAME)";
				STRING_CATALOG_GENERATE_SYMBOLS = NO;
				SWIFT_APPROACHABLE_CONCURRENCY = YES;
				SWIFT_EMIT_LOC_STRINGS = NO;
				SWIFT_UPCOMING_FEATURE_MEMBER_IMPORT_VISIBILITY = YES;
				SWIFT_VERSION = 5.0;
				TARGETED_DEVICE_FAMILY = "1,2";
				TEST_TARGET_NAME = RoastMeStudyBuddy;
			};
			name = Debug;
		};
		514CF3DF2F42D886003C3C20 /* Release */ = {
			isa = XCBuildConfiguration;
			buildSettings = {
				CODE_SIGN_STYLE = Automatic;
				CURRENT_PROJECT_VERSION = 1;
				GENERATE_INFOPLIST_FILE = YES;
				MARKETING_VERSION = 1.0;
				PRODUCT_BUNDLE_IDENTIFIER = RoastMeStudyBuddy.RoastMeStudyBuddyUITests;
				PRODUCT_NAME = "$(TARGET_NAME)";
				STRING_CATALOG_GENERATE_SYMBOLS = NO;
				SWIFT_APPROACHABLE_CONCURRENCY = YES;
				SWIFT_EMIT_LOC_STRINGS = NO;
				SWIFT_UPCOMING_FEATURE_MEMBER_IMPORT_VISIBILITY = YES;
				SWIFT_VERSION = 5.0;
				TARGETED_DEVICE_FAMILY = "1,2";
				TEST_TARGET_NAME = RoastMeStudyBuddy;
			};
			name = Release;
		};
/* End XCBuildConfiguration section */

/* Begin XCConfigurationList section */
		514CF3AF2F42D884003C3C20 /* Build configuration list for PBXProject "RoastMeStudyBuddy" */ = {
			isa = XCConfigurationList;
			buildConfigurations = (
				514CF3D52F42D886003C3C20 /* Debug */,
				514CF3D62F42D886003C3C20 /* Release */,
			);
			defaultConfigurationIsVisible = 0;
			defaultConfigurationName = Release;
		};
		514CF3D72F42D886003C3C20 /* Build configuration list for PBXNativeTarget "RoastMeStudyBuddy" */ = {
			isa = XCConfigurationList;
			buildConfigurations = (
				514CF3D82F42D886003C3C20 /* Debug */,
				514CF3D92F42D886003C3C20 /* Release */,
			);
			defaultConfigurationIsVisible = 0;
			defaultConfigurationName = Release;
		};
		514CF3DA2F42D886003C3C20 /* Build configuration list for PBXNativeTarget "RoastMeStudyBuddyTests" */ = {
			isa = XCConfigurationList;
			buildConfigurations = (
				514CF3DB2F42D886003C3C20 /* Debug */,
				514CF3DC2F42D886003C3C20 /* Release */,
			);
			defaultConfigurationIsVisible = 0;
			defaultConfigurationName = Release;
		};
		514CF3DD2F42D886003C3C20 /* Build configuration list for PBXNativeTarget "RoastMeStudyBuddyUITests" */ = {
			isa = XCConfigurationList;
			buildConfigurations = (
				514CF3DE2F42D886003C3C20 /* Debug */,
				514CF3DF2F42D886003C3C20 /* Release */,
			);
			defaultConfigurationIsVisible = 0;
			defaultConfigurationName = Release;
		};
/* End XCConfigurationList section */
	};
	rootObject = 514CF3AC2F42D884003C3C20 /* Project object */;
}
